
Microsoft Visual Studio Solution File, Format Version 12.00
# Visual Studio Version 17
VisualStudioVersion = 17.14.36811.4 d17.14
MinimumVisualStudioVersion = 10.0.40219.1
Project("{FAE04EC0-301F-11D3-BF4B-00C04F79EFBC}") = "tk_Zwekuza", "tk_Zwekuza\tk_Zwekuza.csproj", "{9F6A56A8-E54A-4FC3-BDFB-6C9C8A8C19A6}"
EndProject
Global
	GlobalSection(SolutionConfigurationPlatforms) = preSolution
		Debug|Any CPU = Debug|Any CPU
		Release|Any CPU = Release|Any CPU
	EndGlobalSection
	GlobalSection(ProjectConfigurationPlatforms) = postSolution
		{9F6A56A8-E54A-4FC3-BDFB-6C9C8A8C19A6}.Debug|Any CPU.ActiveCfg = Debug|Any CPU
		{9F6A56A8-E54A-4FC3-BDFB-6C9C8A8C19A6}.Debug|Any CPU.Build.0 = Debug|Any CPU
		{9F6A56A8-E54A-4FC3-BDFB-6C9C8A8C19A6}.Release|Any CPU.ActiveCfg = Release|Any CPU
		{9F6A56A8-E54A-4FC3-BDFB-6C9C8A8C19A6}.Release|Any CPU.Build.0 = Release|Any CPU
	EndGlobalSection
	GlobalSection(SolutionProperties) = preSolution
		HideSolutionNode = FALSE
	EndGlobalSection
	GlobalSection(ExtensibilityGlobals) = postSolution
		SolutionGuid = {2A01B69C-96A2-41E1-8849-24D0547F0B10}
	EndGlobalSection
EndGlobal
